// !$*UTF8*$!
{
	archiveVersion = 1;
	classes = {
	};
	objectVersion = 46;
	objects = {

/* Begin PBXBuildFile section */
		033ED8071A91B12C00E6EBB9 /* MKAnnotationView+WebCache.m in Sources */ = {isa = PBXBuildFile; fileRef = 033ED7E71A91B12C00E6EBB9 /* MKAnnotationView+WebCache.m */; };
		033ED8081A91B12C00E6EBB9 /* NSData+ImageContentType.m in Sources */ = {isa = PBXBuildFile; fileRef = 033ED7E91A91B12C00E6EBB9 /* NSData+ImageContentType.m */; };
		033ED8091A91B12C00E6EBB9 /* SDImageCache.m in Sources */ = {isa = PBXBuildFile; fileRef = 033ED7EB1A91B12C00E6EBB9 /* SDImageCache.m */; };
		033ED80A1A91B12C00E6EBB9 /* SDWebImageCompat.m in Sources */ = {isa = PBXBuildFile; fileRef = 033ED7ED1A91B12C00E6EBB9 /* SDWebImageCompat.m */; };
		033ED80B1A91B12C00E6EBB9 /* SDWebImageDecoder.m in Sources */ = {isa = PBXBuildFile; fileRef = 033ED7EF1A91B12C00E6EBB9 /* SDWebImageDecoder.m */; };
		033ED80C1A91B12C00E6EBB9 /* SDWebImageDownloader.m in Sources */ = {isa = PBXBuildFile; fileRef = 033ED7F11A91B12C00E6EBB9 /* SDWebImageDownloader.m */; };
		033ED80D1A91B12C00E6EBB9 /* SDWebImageDownloaderOperation.m in Sources */ = {isa = PBXBuildFile; fileRef = 033ED7F31A91B12C00E6EBB9 /* SDWebImageDownloaderOperation.m */; };
		033ED80E1A91B12C00E6EBB9 /* SDWebImageManager.m in Sources */ = {isa = PBXBuildFile; fileRef = 033ED7F51A91B12C00E6EBB9 /* SDWebImageManager.m */; };
		033ED80F1A91B12C00E6EBB9 /* SDWebImagePrefetcher.m in Sources */ = {isa = PBXBuildFile; fileRef = 033ED7F81A91B12C00E6EBB9 /* SDWebImagePrefetcher.m */; };
		033ED8101A91B12C00E6EBB9 /* UIButton+WebCache.m in Sources */ = {isa = PBXBuildFile; fileRef = 033ED7FA1A91B12C00E6EBB9 /* UIButton+WebCache.m */; };
		033ED8111A91B12C00E6EBB9 /* UIImage+GIF.m in Sources */ = {isa = PBXBuildFile; fileRef = 033ED7FC1A91B12C00E6EBB9 /* UIImage+GIF.m */; };
		033ED8121A91B12C00E6EBB9 /* UIImage+MultiFormat.m in Sources */ = {isa = PBXBuildFile; fileRef = 033ED7FE1A91B12C00E6EBB9 /* UIImage+MultiFormat.m */; };
		033ED8131A91B12C00E6EBB9 /* UIImage+WebP.m in Sources */ = {isa = PBXBuildFile; fileRef = 033ED8001A91B12C00E6EBB9 /* UIImage+WebP.m */; };
		033ED8141A91B12C00E6EBB9 /* UIImageView+HighlightedWebCache.m in Sources */ = {isa = PBXBuildFile; fileRef = 033ED8021A91B12C00E6EBB9 /* UIImageView+HighlightedWebCache.m */; };
		033ED8151A91B12C00E6EBB9 /* UIImageView+WebCache.m in Sources */ = {isa = PBXBuildFile; fileRef = 033ED8041A91B12C00E6EBB9 /* UIImageView+WebCache.m */; };
		033ED8161A91B12C00E6EBB9 /* UIView+WebCacheOperation.m in Sources */ = {isa = PBXBuildFile; fileRef = 033ED8061A91B12C00E6EBB9 /* UIView+WebCacheOperation.m */; };
		033ED8181A91B14600E6EBB9 /* ImageIO.framework in Frameworks */ = {isa = PBXBuildFile; fileRef = 033ED8171A91B14600E6EBB9 /* ImageIO.framework */; };
		1A4B76FB11907DD600940A50 /* MapKit.framework in Frameworks */ = {isa = PBXBuildFile; fileRef = 1A4B76FA11907DD600940A50 /* MapKit.framework */; };
		1A4B770A11907E0300940A50 /* KMLParser.m in Sources */ = {isa = PBXBuildFile; fileRef = 1A4B770911907E0300940A50 /* KMLParser.m */; };
		1A4B77311190911400940A50 /* CoreLocation.framework in Frameworks */ = {isa = PBXBuildFile; fileRef = 1A4B77301190911400940A50 /* CoreLocation.framework */; };
		1D3623260D0F684500981E51 /* KMLViewerAppDelegate.m in Sources */ = {isa = PBXBuildFile; fileRef = 1D3623250D0F684500981E51 /* KMLViewerAppDelegate.m */; };
		1D60589B0D05DD56006BFB54 /* main.m in Sources */ = {isa = PBXBuildFile; fileRef = 29B97316FDCFA39411CA2CEA /* main.m */; };
		1D60589F0D05DD5A006BFB54 /* Foundation.framework in Frameworks */ = {isa = PBXBuildFile; fileRef = 1D30AB110D05D00D00671497 /* Foundation.framework */; };
		1DF5F4E00D08C38300B7A737 /* UIKit.framework in Frameworks */ = {isa = PBXBuildFile; fileRef = 1DF5F4DF0D08C38300B7A737 /* UIKit.framework */; };
		288765A50DF7441C002DB57D /* CoreGraphics.framework in Frameworks */ = {isa = PBXBuildFile; fileRef = 288765A40DF7441C002DB57D /* CoreGraphics.framework */; };
		28D7ACF80DDB3853001CB0EB /* KMLViewerViewController.m in Sources */ = {isa = PBXBuildFile; fileRef = 28D7ACF70DDB3853001CB0EB /* KMLViewerViewController.m */; };
		357DDFC0142ED0D80067DDCF /* TwitterPostViewController.m in Sources */ = {isa = PBXBuildFile; fileRef = 357DDFB9142ED0D80067DDCF /* TwitterPostViewController.m */; };
		357DDFC3142ED0D80067DDCF /* TwitterAccountViewController.m in Sources */ = {isa = PBXBuildFile; fileRef = 357DDFBF142ED0D80067DDCF /* TwitterAccountViewController.m */; };
		357DE047142EDEBF0067DDCF /* TTDebug.m in Sources */ = {isa = PBXBuildFile; fileRef = 357DE046142EDEBF0067DDCF /* TTDebug.m */; settings = {COMPILER_FLAGS = "-fno-objc-arc"; }; };
		357DE04D142EEB970067DDCF /* CFNetwork.framework in Frameworks */ = {isa = PBXBuildFile; fileRef = 357DE04C142EEB960067DDCF /* CFNetwork.framework */; };
		357DE04F142EEBA70067DDCF /* SystemConfiguration.framework in Frameworks */ = {isa = PBXBuildFile; fileRef = 357DE04E142EEBA60067DDCF /* SystemConfiguration.framework */; };
		357DE051142EEBB00067DDCF /* MobileCoreServices.framework in Frameworks */ = {isa = PBXBuildFile; fileRef = 357DE050142EEBAF0067DDCF /* MobileCoreServices.framework */; };
		35B54E71143B420300112FDD /* WebViewController.m in Sources */ = {isa = PBXBuildFile; fileRef = 35B54E70143B420300112FDD /* WebViewController.m */; };
		35B54E73143B427F00112FDD /* detail.html in Resources */ = {isa = PBXBuildFile; fileRef = 35B54E72143B427F00112FDD /* detail.html */; };
		35B54E76143B429B00112FDD /* KMLPlacemarkAnnotation.m in Sources */ = {isa = PBXBuildFile; fileRef = 35B54E75143B429B00112FDD /* KMLPlacemarkAnnotation.m */; };
		533ECC0C11F63EA00067A265 /* MainWindow.xib in Resources */ = {isa = PBXBuildFile; fileRef = 533ECC0911F63EA00067A265 /* MainWindow.xib */; };
		9E0CC5701A5179E700552777 /* CoreMotion.framework in Frameworks */ = {isa = PBXBuildFile; fileRef = 9E0CC56F1A5179E700552777 /* CoreMotion.framework */; };
		9E0E47171A7A064E0013E359 /* Accounts.framework in Frameworks */ = {isa = PBXBuildFile; fileRef = 9E0E47161A7A064E0013E359 /* Accounts.framework */; };
		9E0E47191A7A06550013E359 /* Social.framework in Frameworks */ = {isa = PBXBuildFile; fileRef = 9E0E47181A7A06550013E359 /* Social.framework */; };
		9E2CC53B1A70EB630068E53B /* Launch_Screen.xib in Resources */ = {isa = PBXBuildFile; fileRef = 9E2CC53A1A70EB630068E53B /* Launch_Screen.xib */; };
		9E3BDDD41A70D71F00BF9C0F /* AppData.m in Sources */ = {isa = PBXBuildFile; fileRef = A0CA49B8141D3CA8009AF2B8 /* AppData.m */; };
		9E410C331A49471300E5F9EF /* Images.xcassets in Resources */ = {isa = PBXBuildFile; fileRef = 9E410C321A49471300E5F9EF /* Images.xcassets */; };
		9EB84ABA1A70C65E00BF0D14 /* KMLViewerViewController.xib in Resources */ = {isa = PBXBuildFile; fileRef = 9EB84AB91A70C65E00BF0D14 /* KMLViewerViewController.xib */; };
		9EE45FEC1A75620600655A95 /* MainWindow-iPad.xib in Resources */ = {isa = PBXBuildFile; fileRef = 9EE45FEA1A75620600655A95 /* MainWindow-iPad.xib */; };
		9EE45FEF1A75621000655A95 /* KMLViewerViewController-iPad.xib in Resources */ = {isa = PBXBuildFile; fileRef = 9EE45FED1A75621000655A95 /* KMLViewerViewController-iPad.xib */; };
		9EE45FF11A75621900655A95 /* DetailViewController-iPad.xib in Resources */ = {isa = PBXBuildFile; fileRef = 9EE45FF01A75621900655A95 /* DetailViewController-iPad.xib */; };
		9EEABE461A31A098005874A1 /* KMLAnnotaionView.m in Sources */ = {isa = PBXBuildFile; fileRef = 9EEABE451A31A098005874A1 /* KMLAnnotaionView.m */; };
		A0CA49AC141D3C58009AF2B8 /* Annotation.m in Sources */ = {isa = PBXBuildFile; fileRef = A0CA4997141D3C58009AF2B8 /* Annotation.m */; };
		A0CA49AD141D3C58009AF2B8 /* Article.m in Sources */ = {isa = PBXBuildFile; fileRef = A0CA4999141D3C58009AF2B8 /* Article.m */; };
		A0CA49B0141D3C58009AF2B8 /* CustomImagePicker.m in Sources */ = {isa = PBXBuildFile; fileRef = A0CA499E141D3C58009AF2B8 /* CustomImagePicker.m */; };
		A0CA49B2141D3C58009AF2B8 /* InfoTagView.m in Sources */ = {isa = PBXBuildFile; fileRef = A0CA49A2141D3C58009AF2B8 /* InfoTagView.m */; };
		A0CA49C0141D3DE4009AF2B8 /* DetailViewController.xib in Resources */ = {isa = PBXBuildFile; fileRef = A0CA49BF141D3DE4009AF2B8 /* DetailViewController.xib */; };
		CE9D55C7141586310096593A /* information.html in Resources */ = {isa = PBXBuildFile; fileRef = CE9D55C4141586310096593A /* information.html */; };
		DB79BFCF13C44DC1001101E8 /* KmlAnnotation.m in Sources */ = {isa = PBXBuildFile; fileRef = DB79BFCE13C44DC1001101E8 /* KmlAnnotation.m */; };
		E7B4D80D1F2A646D00FCCDDD /* shinsengumi.kml in Resources */ = {isa = PBXBuildFile; fileRef = E7B4D80C1F2A646D00FCCDDD /* shinsengumi.kml */; };
/* End PBXBuildFile section */

/* Begin PBXFileReference section */
		030168471A7B74D3004CDE69 /* Base */ = {isa = PBXFileReference; lastKnownFileType = file.xib; name = Base; path = Base.lproj/MainWindow.xib; sourceTree = "<group>"; };
		030168481A7B74E2004CDE69 /* Base */ = {isa = PBXFileReference; lastKnownFileType = file.xib; name = Base; path = "Base.lproj/MainWindow-iPad.xib"; sourceTree = "<group>"; };
		033ED7E61A91B12C00E6EBB9 /* MKAnnotationView+WebCache.h */ = {isa = PBXFileReference; fileEncoding = 4; lastKnownFileType = sourcecode.c.h; path = "MKAnnotationView+WebCache.h"; sourceTree = "<group>"; };
		033ED7E71A91B12C00E6EBB9 /* MKAnnotationView+WebCache.m */ = {isa = PBXFileReference; fileEncoding = 4; lastKnownFileType = sourcecode.c.objc; path = "MKAnnotationView+WebCache.m"; sourceTree = "<group>"; };
		033ED7E81A91B12C00E6EBB9 /* NSData+ImageContentType.h */ = {isa = PBXFileReference; fileEncoding = 4; lastKnownFileType = sourcecode.c.h; path = "NSData+ImageContentType.h"; sourceTree = "<group>"; };
		033ED7E91A91B12C00E6EBB9 /* NSData+ImageContentType.m */ = {isa = PBXFileReference; fileEncoding = 4; lastKnownFileType = sourcecode.c.objc; path = "NSData+ImageContentType.m"; sourceTree = "<group>"; };
		033ED7EA1A91B12C00E6EBB9 /* SDImageCache.h */ = {isa = PBXFileReference; fileEncoding = 4; lastKnownFileType = sourcecode.c.h; path = SDImageCache.h; sourceTree = "<group>"; };
		033ED7EB1A91B12C00E6EBB9 /* SDImageCache.m */ = {isa = PBXFileReference; fileEncoding = 4; lastKnownFileType = sourcecode.c.objc; path = SDImageCache.m; sourceTree = "<group>"; };
		033ED7EC1A91B12C00E6EBB9 /* SDWebImageCompat.h */ = {isa = PBXFileReference; fileEncoding = 4; lastKnownFileType = sourcecode.c.h; path = SDWebImageCompat.h; sourceTree = "<group>"; };
		033ED7ED1A91B12C00E6EBB9 /* SDWebImageCompat.m */ = {isa = PBXFileReference; fileEncoding = 4; lastKnownFileType = sourcecode.c.objc; path = SDWebImageCompat.m; sourceTree = "<group>"; };
		033ED7EE1A91B12C00E6EBB9 /* SDWebImageDecoder.h */ = {isa = PBXFileReference; fileEncoding = 4; lastKnownFileType = sourcecode.c.h; path = SDWebImageDecoder.h; sourceTree = "<group>"; };
		033ED7EF1A91B12C00E6EBB9 /* SDWebImageDecoder.m */ = {isa = PBXFileReference; fileEncoding = 4; lastKnownFileType = sourcecode.c.objc; path = SDWebImageDecoder.m; sourceTree = "<group>"; };
		033ED7F01A91B12C00E6EBB9 /* SDWebImageDownloader.h */ = {isa = PBXFileReference; fileEncoding = 4; lastKnownFileType = sourcecode.c.h; path = SDWebImageDownloader.h; sourceTree = "<group>"; };
		033ED7F11A91B12C00E6EBB9 /* SDWebImageDownloader.m */ = {isa = PBXFileReference; fileEncoding = 4; lastKnownFileType = sourcecode.c.objc; path = SDWebImageDownloader.m; sourceTree = "<group>"; };
		033ED7F21A91B12C00E6EBB9 /* SDWebImageDownloaderOperation.h */ = {isa = PBXFileReference; fileEncoding = 4; lastKnownFileType = sourcecode.c.h; path = SDWebImageDownloaderOperation.h; sourceTree = "<group>"; };
		033ED7F31A91B12C00E6EBB9 /* SDWebImageDownloaderOperation.m */ = {isa = PBXFileReference; fileEncoding = 4; lastKnownFileType = sourcecode.c.objc; path = SDWebImageDownloaderOperation.m; sourceTree = "<group>"; };
		033ED7F41A91B12C00E6EBB9 /* SDWebImageManager.h */ = {isa = PBXFileReference; fileEncoding = 4; lastKnownFileType = sourcecode.c.h; path = SDWebImageManager.h; sourceTree = "<group>"; };
		033ED7F51A91B12C00E6EBB9 /* SDWebImageManager.m */ = {isa = PBXFileReference; fileEncoding = 4; lastKnownFileType = sourcecode.c.objc; path = SDWebImageManager.m; sourceTree = "<group>"; };
		033ED7F61A91B12C00E6EBB9 /* SDWebImageOperation.h */ = {isa = PBXFileReference; fileEncoding = 4; lastKnownFileType = sourcecode.c.h; path = SDWebImageOperation.h; sourceTree = "<group>"; };
		033ED7F71A91B12C00E6EBB9 /* SDWebImagePrefetcher.h */ = {isa = PBXFileReference; fileEncoding = 4; lastKnownFileType = sourcecode.c.h; path = SDWebImagePrefetcher.h; sourceTree = "<group>"; };
		033ED7F81A91B12C00E6EBB9 /* SDWebImagePrefetcher.m */ = {isa = PBXFileReference; fileEncoding = 4; lastKnownFileType = sourcecode.c.objc; path = SDWebImagePrefetcher.m; sourceTree = "<group>"; };
		033ED7F91A91B12C00E6EBB9 /* UIButton+WebCache.h */ = {isa = PBXFileReference; fileEncoding = 4; lastKnownFileType = sourcecode.c.h; path = "UIButton+WebCache.h"; sourceTree = "<group>"; };
		033ED7FA1A91B12C00E6EBB9 /* UIButton+WebCache.m */ = {isa = PBXFileReference; fileEncoding = 4; lastKnownFileType = sourcecode.c.objc; path = "UIButton+WebCache.m"; sourceTree = "<group>"; };
		033ED7FB1A91B12C00E6EBB9 /* UIImage+GIF.h */ = {isa = PBXFileReference; fileEncoding = 4; lastKnownFileType = sourcecode.c.h; path = "UIImage+GIF.h"; sourceTree = "<group>"; };
		033ED7FC1A91B12C00E6EBB9 /* UIImage+GIF.m */ = {isa = PBXFileReference; fileEncoding = 4; lastKnownFileType = sourcecode.c.objc; path = "UIImage+GIF.m"; sourceTree = "<group>"; };
		033ED7FD1A91B12C00E6EBB9 /* UIImage+MultiFormat.h */ = {isa = PBXFileReference; fileEncoding = 4; lastKnownFileType = sourcecode.c.h; path = "UIImage+MultiFormat.h"; sourceTree = "<group>"; };
		033ED7FE1A91B12C00E6EBB9 /* UIImage+MultiFormat.m */ = {isa = PBXFileReference; fileEncoding = 4; lastKnownFileType = sourcecode.c.objc; path = "UIImage+MultiFormat.m"; sourceTree = "<group>"; };
		033ED7FF1A91B12C00E6EBB9 /* UIImage+WebP.h */ = {isa = PBXFileReference; fileEncoding = 4; lastKnownFileType = sourcecode.c.h; path = "UIImage+WebP.h"; sourceTree = "<group>"; };
		033ED8001A91B12C00E6EBB9 /* UIImage+WebP.m */ = {isa = PBXFileReference; fileEncoding = 4; lastKnownFileType = sourcecode.c.objc; path = "UIImage+WebP.m"; sourceTree = "<group>"; };
		033ED8011A91B12C00E6EBB9 /* UIImageView+HighlightedWebCache.h */ = {isa = PBXFileReference; fileEncoding = 4; lastKnownFileType = sourcecode.c.h; path = "UIImageView+HighlightedWebCache.h"; sourceTree = "<group>"; };
		033ED8021A91B12C00E6EBB9 /* UIImageView+HighlightedWebCache.m */ = {isa = PBXFileReference; fileEncoding = 4; lastKnownFileType = sourcecode.c.objc; path = "UIImageView+HighlightedWebCache.m"; sourceTree = "<group>"; };
		033ED8031A91B12C00E6EBB9 /* UIImageView+WebCache.h */ = {isa = PBXFileReference; fileEncoding = 4; lastKnownFileType = sourcecode.c.h; path = "UIImageView+WebCache.h"; sourceTree = "<group>"; };
		033ED8041A91B12C00E6EBB9 /* UIImageView+WebCache.m */ = {isa = PBXFileReference; fileEncoding = 4; lastKnownFileType = sourcecode.c.objc; path = "UIImageView+WebCache.m"; sourceTree = "<group>"; };
		033ED8051A91B12C00E6EBB9 /* UIView+WebCacheOperation.h */ = {isa = PBXFileReference; fileEncoding = 4; lastKnownFileType = sourcecode.c.h; path = "UIView+WebCacheOperation.h"; sourceTree = "<group>"; };
		033ED8061A91B12C00E6EBB9 /* UIView+WebCacheOperation.m */ = {isa = PBXFileReference; fileEncoding = 4; lastKnownFileType = sourcecode.c.objc; path = "UIView+WebCacheOperation.m"; sourceTree = "<group>"; };
		033ED8171A91B14600E6EBB9 /* ImageIO.framework */ = {isa = PBXFileReference; lastKnownFileType = wrapper.framework; name = ImageIO.framework; path = System/Library/Frameworks/ImageIO.framework; sourceTree = SDKROOT; };
		1A4B76FA11907DD600940A50 /* MapKit.framework */ = {isa = PBXFileReference; lastKnownFileType = wrapper.framework; name = MapKit.framework; path = System/Library/Frameworks/MapKit.framework; sourceTree = SDKROOT; };
		1A4B770811907E0300940A50 /* KMLParser.h */ = {isa = PBXFileReference; fileEncoding = 4; lastKnownFileType = sourcecode.c.h; path = KMLParser.h; sourceTree = "<group>"; };
		1A4B770911907E0300940A50 /* KMLParser.m */ = {isa = PBXFileReference; fileEncoding = 4; lastKnownFileType = sourcecode.c.objc; path = KMLParser.m; sourceTree = "<group>"; };
		1A4B77301190911400940A50 /* CoreLocation.framework */ = {isa = PBXFileReference; lastKnownFileType = wrapper.framework; name = CoreLocation.framework; path = System/Library/Frameworks/CoreLocation.framework; sourceTree = SDKROOT; };
		1D30AB110D05D00D00671497 /* Foundation.framework */ = {isa = PBXFileReference; lastKnownFileType = wrapper.framework; name = Foundation.framework; path = System/Library/Frameworks/Foundation.framework; sourceTree = SDKROOT; };
		1D3623240D0F684500981E51 /* KMLViewerAppDelegate.h */ = {isa = PBXFileReference; fileEncoding = 4; lastKnownFileType = sourcecode.c.h; path = KMLViewerAppDelegate.h; sourceTree = "<group>"; };
		1D3623250D0F684500981E51 /* KMLViewerAppDelegate.m */ = {isa = PBXFileReference; fileEncoding = 4; lastKnownFileType = sourcecode.c.objc; path = KMLViewerAppDelegate.m; sourceTree = "<group>"; };
		1D6058910D05DD3D006BFB54 /* hiroshimAR.app */ = {isa = PBXFileReference; explicitFileType = wrapper.application; includeInIndex = 0; path = hiroshimAR.app; sourceTree = BUILT_PRODUCTS_DIR; };
		1DF5F4DF0D08C38300B7A737 /* UIKit.framework */ = {isa = PBXFileReference; lastKnownFileType = wrapper.framework; name = UIKit.framework; path = System/Library/Frameworks/UIKit.framework; sourceTree = SDKROOT; };
		288765A40DF7441C002DB57D /* CoreGraphics.framework */ = {isa = PBXFileReference; lastKnownFileType = wrapper.framework; name = CoreGraphics.framework; path = System/Library/Frameworks/CoreGraphics.framework; sourceTree = SDKROOT; };
		28D7ACF60DDB3853001CB0EB /* KMLViewerViewController.h */ = {isa = PBXFileReference; fileEncoding = 4; lastKnownFileType = sourcecode.c.h; path = KMLViewerViewController.h; sourceTree = "<group>"; };
		28D7ACF70DDB3853001CB0EB /* KMLViewerViewController.m */ = {isa = PBXFileReference; fileEncoding = 4; lastKnownFileType = sourcecode.c.objc; path = KMLViewerViewController.m; sourceTree = "<group>"; };
		29B97316FDCFA39411CA2CEA /* main.m */ = {isa = PBXFileReference; fileEncoding = 4; lastKnownFileType = sourcecode.c.objc; path = main.m; sourceTree = "<group>"; };
		32CA4F630368D1EE00C91783 /* hiroshimaKML_Prefix.pch */ = {isa = PBXFileReference; fileEncoding = 4; lastKnownFileType = sourcecode.c.h; path = hiroshimaKML_Prefix.pch; sourceTree = "<group>"; };
		357DDFB8142ED0D80067DDCF /* TwitterPostViewController.h */ = {isa = PBXFileReference; fileEncoding = 4; lastKnownFileType = sourcecode.c.h; path = TwitterPostViewController.h; sourceTree = "<group>"; };
		357DDFB9142ED0D80067DDCF /* TwitterPostViewController.m */ = {isa = PBXFileReference; fileEncoding = 4; lastKnownFileType = sourcecode.c.objc; path = TwitterPostViewController.m; sourceTree = "<group>"; };
		357DDFBE142ED0D80067DDCF /* TwitterAccountViewController.h */ = {isa = PBXFileReference; fileEncoding = 4; lastKnownFileType = sourcecode.c.h; path = TwitterAccountViewController.h; sourceTree = "<group>"; };
		357DDFBF142ED0D80067DDCF /* TwitterAccountViewController.m */ = {isa = PBXFileReference; fileEncoding = 4; lastKnownFileType = sourcecode.c.objc; path = TwitterAccountViewController.m; sourceTree = "<group>"; };
		357DE045142EDEBF0067DDCF /* TTDebug.h */ = {isa = PBXFileReference; fileEncoding = 4; lastKnownFileType = sourcecode.c.h; path = TTDebug.h; sourceTree = "<group>"; };
		357DE046142EDEBF0067DDCF /* TTDebug.m */ = {isa = PBXFileReference; fileEncoding = 4; lastKnownFileType = sourcecode.c.objc; path = TTDebug.m; sourceTree = "<group>"; };
		357DE04C142EEB960067DDCF /* CFNetwork.framework */ = {isa = PBXFileReference; lastKnownFileType = wrapper.framework; name = CFNetwork.framework; path = System/Library/Frameworks/CFNetwork.framework; sourceTree = SDKROOT; };
		357DE04E142EEBA60067DDCF /* SystemConfiguration.framework */ = {isa = PBXFileReference; lastKnownFileType = wrapper.framework; name = SystemConfiguration.framework; path = System/Library/Frameworks/SystemConfiguration.framework; sourceTree = SDKROOT; };
		357DE050142EEBAF0067DDCF /* MobileCoreServices.framework */ = {isa = PBXFileReference; lastKnownFileType = wrapper.framework; name = MobileCoreServices.framework; path = System/Library/Frameworks/MobileCoreServices.framework; sourceTree = SDKROOT; };
		35B54E6F143B420300112FDD /* WebViewController.h */ = {isa = PBXFileReference; fileEncoding = 4; lastKnownFileType = sourcecode.c.h; path = WebViewController.h; sourceTree = "<group>"; };
		35B54E70143B420300112FDD /* WebViewController.m */ = {isa = PBXFileReference; fileEncoding = 4; lastKnownFileType = sourcecode.c.objc; path = WebViewController.m; sourceTree = "<group>"; };
		35B54E72143B427F00112FDD /* detail.html */ = {isa = PBXFileReference; fileEncoding = 4; lastKnownFileType = text.html; path = detail.html; sourceTree = "<group>"; };
		35B54E74143B429B00112FDD /* KMLPlacemarkAnnotation.h */ = {isa = PBXFileReference; fileEncoding = 4; lastKnownFileType = sourcecode.c.h; path = KMLPlacemarkAnnotation.h; sourceTree = "<group>"; };
		35B54E75143B429B00112FDD /* KMLPlacemarkAnnotation.m */ = {isa = PBXFileReference; fileEncoding = 4; lastKnownFileType = sourcecode.c.objc; path = KMLPlacemarkAnnotation.m; sourceTree = "<group>"; };
		533ECC0A11F63EA00067A265 /* en */ = {isa = PBXFileReference; lastKnownFileType = file.xib; name = en; path = en.lproj/MainWindow.xib; sourceTree = "<group>"; };
		8D1107310486CEB800E47090 /* hiroshimaKML-Info.plist */ = {isa = PBXFileReference; fileEncoding = 4; lastKnownFileType = text.plist.xml; path = "hiroshimaKML-Info.plist"; plistStructureDefinitionIdentifier = "com.apple.xcode.plist.structure-definition.iphone.info-plist"; sourceTree = "<group>"; };
		9E0CC56F1A5179E700552777 /* CoreMotion.framework */ = {isa = PBXFileReference; lastKnownFileType = wrapper.framework; name = CoreMotion.framework; path = System/Library/Frameworks/CoreMotion.framework; sourceTree = SDKROOT; };
		9E0E47161A7A064E0013E359 /* Accounts.framework */ = {isa = PBXFileReference; lastKnownFileType = wrapper.framework; name = Accounts.framework; path = System/Library/Frameworks/Accounts.framework; sourceTree = SDKROOT; };
		9E0E47181A7A06550013E359 /* Social.framework */ = {isa = PBXFileReference; lastKnownFileType = wrapper.framework; name = Social.framework; path = System/Library/Frameworks/Social.framework; sourceTree = SDKROOT; };
		9E2CC53A1A70EB630068E53B /* Launch_Screen.xib */ = {isa = PBXFileReference; fileEncoding = 4; lastKnownFileType = file.xib; path = Launch_Screen.xib; sourceTree = "<group>"; };
		9E410C321A49471300E5F9EF /* Images.xcassets */ = {isa = PBXFileReference; lastKnownFileType = folder.assetcatalog; path = Images.xcassets; sourceTree = "<group>"; };
		9E58A5761A6BA9DB00549247 /* TRUtil.h */ = {isa = PBXFileReference; lastKnownFileType = sourcecode.c.h; path = TRUtil.h; sourceTree = "<group>"; };
		9EB84AB91A70C65E00BF0D14 /* KMLViewerViewController.xib */ = {isa = PBXFileReference; fileEncoding = 4; lastKnownFileType = file.xib; path = KMLViewerViewController.xib; sourceTree = "<group>"; };
		9EE45FEB1A75620600655A95 /* en */ = {isa = PBXFileReference; lastKnownFileType = file.xib; name = en; path = "Resources-iPad/en.lproj/MainWindow-iPad.xib"; sourceTree = "<group>"; };
		9EE45FEE1A75621000655A95 /* Base */ = {isa = PBXFileReference; lastKnownFileType = file.xib; name = Base; path = "Resources-iPad/Base.lproj/KMLViewerViewController-iPad.xib"; sourceTree = "<group>"; };
		9EE45FF01A75621900655A95 /* DetailViewController-iPad.xib */ = {isa = PBXFileReference; fileEncoding = 4; lastKnownFileType = file.xib; name = "DetailViewController-iPad.xib"; path = "Resources-iPad/DetailViewController-iPad.xib"; sourceTree = "<group>"; };
		9EEABE441A31A098005874A1 /* KMLAnnotaionView.h */ = {isa = PBXFileReference; fileEncoding = 4; lastKnownFileType = sourcecode.c.h; path = KMLAnnotaionView.h; sourceTree = "<group>"; };
		9EEABE451A31A098005874A1 /* KMLAnnotaionView.m */ = {isa = PBXFileReference; fileEncoding = 4; lastKnownFileType = sourcecode.c.objc; path = KMLAnnotaionView.m; sourceTree = "<group>"; };
		A0CA4996141D3C58009AF2B8 /* Annotation.h */ = {isa = PBXFileReference; fileEncoding = 4; lastKnownFileType = sourcecode.c.h; name = Annotation.h; path = ../Annotation.h; sourceTree = "<group>"; };
		A0CA4997141D3C58009AF2B8 /* Annotation.m */ = {isa = PBXFileReference; fileEncoding = 4; lastKnownFileType = sourcecode.c.objc; name = Annotation.m; path = ../Annotation.m; sourceTree = "<group>"; };
		A0CA4998141D3C58009AF2B8 /* Article.h */ = {isa = PBXFileReference; fileEncoding = 4; lastKnownFileType = sourcecode.c.h; name = Article.h; path = ../Article.h; sourceTree = "<group>"; };
		A0CA4999141D3C58009AF2B8 /* Article.m */ = {isa = PBXFileReference; fileEncoding = 4; lastKnownFileType = sourcecode.c.objc; name = Article.m; path = ../Article.m; sourceTree = "<group>"; };
		A0CA499D141D3C58009AF2B8 /* CustomImagePicker.h */ = {isa = PBXFileReference; fileEncoding = 4; lastKnownFileType = sourcecode.c.h; path = CustomImagePicker.h; sourceTree = "<group>"; };
		A0CA499E141D3C58009AF2B8 /* CustomImagePicker.m */ = {isa = PBXFileReference; fileEncoding = 4; lastKnownFileType = sourcecode.c.objc; path = CustomImagePicker.m; sourceTree = "<group>"; };
		A0CA49A1141D3C58009AF2B8 /* InfoTagView.h */ = {isa = PBXFileReference; fileEncoding = 4; lastKnownFileType = sourcecode.c.h; path = InfoTagView.h; sourceTree = "<group>"; };
		A0CA49A2141D3C58009AF2B8 /* InfoTagView.m */ = {isa = PBXFileReference; fileEncoding = 4; lastKnownFileType = sourcecode.c.objc; path = InfoTagView.m; sourceTree = "<group>"; };
		A0CA49B7141D3CA8009AF2B8 /* AppData.h */ = {isa = PBXFileReference; fileEncoding = 4; lastKnownFileType = sourcecode.c.h; path = AppData.h; sourceTree = "<group>"; };
		A0CA49B8141D3CA8009AF2B8 /* AppData.m */ = {isa = PBXFileReference; fileEncoding = 4; lastKnownFileType = sourcecode.c.objc; path = AppData.m; sourceTree = "<group>"; };
		A0CA49BB141D3D40009AF2B8 /* ARmodule_Prefix.pch */ = {isa = PBXFileReference; fileEncoding = 4; lastKnownFileType = sourcecode.c.h; path = ARmodule_Prefix.pch; sourceTree = "<group>"; };
		A0CA49BC141D3D40009AF2B8 /* Define.h */ = {isa = PBXFileReference; fileEncoding = 4; lastKnownFileType = sourcecode.c.h; path = Define.h; sourceTree = "<group>"; };
		A0CA49BF141D3DE4009AF2B8 /* DetailViewController.xib */ = {isa = PBXFileReference; fileEncoding = 4; lastKnownFileType = file.xib; path = DetailViewController.xib; sourceTree = "<group>"; };
		CE9D55C4141586310096593A /* information.html */ = {isa = PBXFileReference; fileEncoding = 4; lastKnownFileType = text.html; path = information.html; sourceTree = "<group>"; };
		DB79BFCD13C44DC1001101E8 /* KmlAnnotation.h */ = {isa = PBXFileReference; fileEncoding = 4; lastKnownFileType = sourcecode.c.h; name = KmlAnnotation.h; path = ../HiroshimARchive.xcodeproj/KmlAnnotation.h; sourceTree = "<group>"; };
		DB79BFCE13C44DC1001101E8 /* KmlAnnotation.m */ = {isa = PBXFileReference; fileEncoding = 4; lastKnownFileType = sourcecode.c.objc; name = KmlAnnotation.m; path = ../HiroshimARchive.xcodeproj/KmlAnnotation.m; sourceTree = "<group>"; };
		E7B4D80C1F2A646D00FCCDDD /* shinsengumi.kml */ = {isa = PBXFileReference; fileEncoding = 4; lastKnownFileType = text.xml; name = shinsengumi.kml; path = kml/shinsengumi.kml; sourceTree = "<group>"; };
/* End PBXFileReference section */

/* Begin PBXFrameworksBuildPhase section */
		1D60588F0D05DD3D006BFB54 /* Frameworks */ = {
			isa = PBXFrameworksBuildPhase;
			buildActionMask = 2147483647;
			files = (
				033ED8181A91B14600E6EBB9 /* ImageIO.framework in Frameworks */,
				9E0E47191A7A06550013E359 /* Social.framework in Frameworks */,
				9E0E47171A7A064E0013E359 /* Accounts.framework in Frameworks */,
				9E0CC5701A5179E700552777 /* CoreMotion.framework in Frameworks */,
				288765A50DF7441C002DB57D /* CoreGraphics.framework in Frameworks */,
				357DE051142EEBB00067DDCF /* MobileCoreServices.framework in Frameworks */,
				357DE04F142EEBA70067DDCF /* SystemConfiguration.framework in Frameworks */,
				357DE04D142EEB970067DDCF /* CFNetwork.framework in Frameworks */,
				1D60589F0D05DD5A006BFB54 /* Foundation.framework in Frameworks */,
				1DF5F4E00D08C38300B7A737 /* UIKit.framework in Frameworks */,
				1A4B76FB11907DD600940A50 /* MapKit.framework in Frameworks */,
				1A4B77311190911400940A50 /* CoreLocation.framework in Frameworks */,
			);
			runOnlyForDeploymentPostprocessing = 0;
		};
/* End PBXFrameworksBuildPhase section */

/* Begin PBXGroup section */
		033ED7E51A91B12C00E6EBB9 /* SDWebImage */ = {
			isa = PBXGroup;
			children = (
				033ED7E61A91B12C00E6EBB9 /* MKAnnotationView+WebCache.h */,
				033ED7E71A91B12C00E6EBB9 /* MKAnnotationView+WebCache.m */,
				033ED7E81A91B12C00E6EBB9 /* NSData+ImageContentType.h */,
				033ED7E91A91B12C00E6EBB9 /* NSData+ImageContentType.m */,
				033ED7EA1A91B12C00E6EBB9 /* SDImageCache.h */,
				033ED7EB1A91B12C00E6EBB9 /* SDImageCache.m */,
				033ED7EC1A91B12C00E6EBB9 /* SDWebImageCompat.h */,
				033ED7ED1A91B12C00E6EBB9 /* SDWebImageCompat.m */,
				033ED7EE1A91B12C00E6EBB9 /* SDWebImageDecoder.h */,
				033ED7EF1A91B12C00E6EBB9 /* SDWebImageDecoder.m */,
				033ED7F01A91B12C00E6EBB9 /* SDWebImageDownloader.h */,
				033ED7F11A91B12C00E6EBB9 /* SDWebImageDownloader.m */,
				033ED7F21A91B12C00E6EBB9 /* SDWebImageDownloaderOperation.h */,
				033ED7F31A91B12C00E6EBB9 /* SDWebImageDownloaderOperation.m */,
				033ED7F41A91B12C00E6EBB9 /* SDWebImageManager.h */,
				033ED7F51A91B12C00E6EBB9 /* SDWebImageManager.m */,
				033ED7F61A91B12C00E6EBB9 /* SDWebImageOperation.h */,
				033ED7F71A91B12C00E6EBB9 /* SDWebImagePrefetcher.h */,
				033ED7F81A91B12C00E6EBB9 /* SDWebImagePrefetcher.m */,
				033ED7F91A91B12C00E6EBB9 /* UIButton+WebCache.h */,
				033ED7FA1A91B12C00E6EBB9 /* UIButton+WebCache.m */,
				033ED7FB1A91B12C00E6EBB9 /* UIImage+GIF.h */,
				033ED7FC1A91B12C00E6EBB9 /* UIImage+GIF.m */,
				033ED7FD1A91B12C00E6EBB9 /* UIImage+MultiFormat.h */,
				033ED7FE1A91B12C00E6EBB9 /* UIImage+MultiFormat.m */,
				033ED7FF1A91B12C00E6EBB9 /* UIImage+WebP.h */,
				033ED8001A91B12C00E6EBB9 /* UIImage+WebP.m */,
				033ED8011A91B12C00E6EBB9 /* UIImageView+HighlightedWebCache.h */,
				033ED8021A91B12C00E6EBB9 /* UIImageView+HighlightedWebCache.m */,
				033ED8031A91B12C00E6EBB9 /* UIImageView+WebCache.h */,
				033ED8041A91B12C00E6EBB9 /* UIImageView+WebCache.m */,
				033ED8051A91B12C00E6EBB9 /* UIView+WebCacheOperation.h */,
				033ED8061A91B12C00E6EBB9 /* UIView+WebCacheOperation.m */,
			);
			name = SDWebImage;
			path = "Vendors/SDWebImage-3.7.1/SDWebImage";
			sourceTree = "<group>";
		};
		080E96DDFE201D6D7F000001 /* Classes */ = {
			isa = PBXGroup;
			children = (
				357DDFB6142ED00A0067DDCF /* Twitter */,
				A0CA4996141D3C58009AF2B8 /* Annotation.h */,
				A0CA4997141D3C58009AF2B8 /* Annotation.m */,
				A0CA4998141D3C58009AF2B8 /* Article.h */,
				A0CA4999141D3C58009AF2B8 /* Article.m */,
				1D3623240D0F684500981E51 /* KMLViewerAppDelegate.h */,
				1D3623250D0F684500981E51 /* KMLViewerAppDelegate.m */,
				28D7ACF60DDB3853001CB0EB /* KMLViewerViewController.h */,
				28D7ACF70DDB3853001CB0EB /* KMLViewerViewController.m */,
				1A4B770811907E0300940A50 /* KMLParser.h */,
				1A4B770911907E0300940A50 /* KMLParser.m */,
				35B54E74143B429B00112FDD /* KMLPlacemarkAnnotation.h */,
				35B54E75143B429B00112FDD /* KMLPlacemarkAnnotation.m */,
				9EEABE441A31A098005874A1 /* KMLAnnotaionView.h */,
				9EEABE451A31A098005874A1 /* KMLAnnotaionView.m */,
				DB79BFCD13C44DC1001101E8 /* KmlAnnotation.h */,
				DB79BFCE13C44DC1001101E8 /* KmlAnnotation.m */,
				35B54E6F143B420300112FDD /* WebViewController.h */,
				35B54E70143B420300112FDD /* WebViewController.m */,
			);
			path = Classes;
			sourceTree = "<group>";
		};
		19C28FACFE9D520D11CA2CBB /* Products */ = {
			isa = PBXGroup;
			children = (
				1D6058910D05DD3D006BFB54 /* hiroshimAR.app */,
			);
			name = Products;
			sourceTree = "<group>";
		};
		29B97314FDCFA39411CA2CEA /* CustomTemplate */ = {
			isa = PBXGroup;
			children = (
				E7B4D8101F2A79AD00FCCDDD /* icons */,
				357DDFC7142ED16D0067DDCF /* Vendors */,
				A0CA49BA141D3CCA009AF2B8 /* AR */,
				A0CA49B6141D3C8C009AF2B8 /* Data */,
				080E96DDFE201D6D7F000001 /* Classes */,
				29B97315FDCFA39411CA2CEA /* Other Sources */,
				29B97317FDCFA39411CA2CEA /* Resources */,
				29B97323FDCFA39411CA2CEA /* Frameworks */,
				19C28FACFE9D520D11CA2CBB /* Products */,
				033ED7E51A91B12C00E6EBB9 /* SDWebImage */,
			);
			name = CustomTemplate;
			sourceTree = "<group>";
		};
		29B97315FDCFA39411CA2CEA /* Other Sources */ = {
			isa = PBXGroup;
			children = (
				A0CA49BB141D3D40009AF2B8 /* ARmodule_Prefix.pch */,
				A0CA49BC141D3D40009AF2B8 /* Define.h */,
				32CA4F630368D1EE00C91783 /* hiroshimaKML_Prefix.pch */,
				29B97316FDCFA39411CA2CEA /* main.m */,
			);
			name = "Other Sources";
			sourceTree = "<group>";
		};
		29B97317FDCFA39411CA2CEA /* Resources */ = {
			isa = PBXGroup;
			children = (
				E7B4D80B1F2A644500FCCDDD /* kml */,
				5EE373FA1C4216D600D219C7 /* Html */,
				5EE373FB1C4216E700D219C7 /* Xib */,
				8D1107310486CEB800E47090 /* hiroshimaKML-Info.plist */,
				9E410C321A49471300E5F9EF /* Images.xcassets */,
			);
			name = Resources;
			sourceTree = "<group>";
		};
		29B97323FDCFA39411CA2CEA /* Frameworks */ = {
			isa = PBXGroup;
			children = (
				357DE050142EEBAF0067DDCF /* MobileCoreServices.framework */,
				357DE04E142EEBA60067DDCF /* SystemConfiguration.framework */,
				357DE04C142EEB960067DDCF /* CFNetwork.framework */,
				033ED8171A91B14600E6EBB9 /* ImageIO.framework */,
				9E0E47181A7A06550013E359 /* Social.framework */,
				9E0E47161A7A064E0013E359 /* Accounts.framework */,
				9E0CC56F1A5179E700552777 /* CoreMotion.framework */,
				1A4B77301190911400940A50 /* CoreLocation.framework */,
				1A4B76FA11907DD600940A50 /* MapKit.framework */,
				1DF5F4DF0D08C38300B7A737 /* UIKit.framework */,
				1D30AB110D05D00D00671497 /* Foundation.framework */,
				288765A40DF7441C002DB57D /* CoreGraphics.framework */,
			);
			name = Frameworks;
			sourceTree = "<group>";
		};
		357DDFB6142ED00A0067DDCF /* Twitter */ = {
			isa = PBXGroup;
			children = (
				357DDFB8142ED0D80067DDCF /* TwitterPostViewController.h */,
				357DDFB9142ED0D80067DDCF /* TwitterPostViewController.m */,
				357DDFBE142ED0D80067DDCF /* TwitterAccountViewController.h */,
				357DDFBF142ED0D80067DDCF /* TwitterAccountViewController.m */,
				9E58A5761A6BA9DB00549247 /* TRUtil.h */,
			);
			name = Twitter;
			sourceTree = "<group>";
		};
		357DDFC7142ED16D0067DDCF /* Vendors */ = {
			isa = PBXGroup;
			children = (
				357DE044142EDEBF0067DDCF /* TT */,
			);
			path = Vendors;
			sourceTree = "<group>";
		};
		357DE044142EDEBF0067DDCF /* TT */ = {
			isa = PBXGroup;
			children = (
				357DE045142EDEBF0067DDCF /* TTDebug.h */,
				357DE046142EDEBF0067DDCF /* TTDebug.m */,
			);
			path = TT;
			sourceTree = "<group>";
		};
		5EE373FA1C4216D600D219C7 /* Html */ = {
			isa = PBXGroup;
			children = (
				35B54E72143B427F00112FDD /* detail.html */,
				CE9D55C4141586310096593A /* information.html */,
			);
			name = Html;
			sourceTree = "<group>";
		};
		5EE373FB1C4216E700D219C7 /* Xib */ = {
			isa = PBXGroup;
			children = (
				9EE45FF01A75621900655A95 /* DetailViewController-iPad.xib */,
				A0CA49BF141D3DE4009AF2B8 /* DetailViewController.xib */,
				9EE45FED1A75621000655A95 /* KMLViewerViewController-iPad.xib */,
				9EB84AB91A70C65E00BF0D14 /* KMLViewerViewController.xib */,
				9E2CC53A1A70EB630068E53B /* Launch_Screen.xib */,
				9EE45FEA1A75620600655A95 /* MainWindow-iPad.xib */,
				533ECC0911F63EA00067A265 /* MainWindow.xib */,
			);
			name = Xib;
			sourceTree = "<group>";
		};
		A0CA49B6141D3C8C009AF2B8 /* Data */ = {
			isa = PBXGroup;
			children = (
				A0CA49B7141D3CA8009AF2B8 /* AppData.h */,
				A0CA49B8141D3CA8009AF2B8 /* AppData.m */,
			);
			name = Data;
			sourceTree = "<group>";
		};
		A0CA49BA141D3CCA009AF2B8 /* AR */ = {
			isa = PBXGroup;
			children = (
				A0CA49A1141D3C58009AF2B8 /* InfoTagView.h */,
				A0CA49A2141D3C58009AF2B8 /* InfoTagView.m */,
				A0CA499D141D3C58009AF2B8 /* CustomImagePicker.h */,
				A0CA499E141D3C58009AF2B8 /* CustomImagePicker.m */,
			);
			name = AR;
			sourceTree = "<group>";
		};
		E7B4D80B1F2A644500FCCDDD /* kml */ = {
			isa = PBXGroup;
			children = (
				E7B4D80C1F2A646D00FCCDDD /* shinsengumi.kml */,
			);
			name = kml;
			sourceTree = "<group>";
		};
		E7B4D8101F2A79AD00FCCDDD /* icons */ = {
			isa = PBXGroup;
			children = (
			);
			name = icons;
			sourceTree = "<group>";
		};
/* End PBXGroup section */

/* Begin PBXNativeTarget section */
		1D6058900D05DD3D006BFB54 /* hiroshimARchive */ = {
			isa = PBXNativeTarget;
			buildConfigurationList = 1D6058960D05DD3E006BFB54 /* Build configuration list for PBXNativeTarget "hiroshimARchive" */;
			buildPhases = (
				1D60588D0D05DD3D006BFB54 /* Resources */,
				1D60588E0D05DD3D006BFB54 /* Sources */,
				1D60588F0D05DD3D006BFB54 /* Frameworks */,
			);
			buildRules = (
			);
			dependencies = (
			);
			name = hiroshimARchive;
			productName = KMLViewer;
			productReference = 1D6058910D05DD3D006BFB54 /* hiroshimAR.app */;
			productType = "com.apple.product-type.application";
		};
/* End PBXNativeTarget section */

/* Begin PBXProject section */
		29B97313FDCFA39411CA2CEA /* Project object */ = {
			isa = PBXProject;
			attributes = {
				LastUpgradeCheck = 0800;
				ORGANIZATIONNAME = goga;
				TargetAttributes = {
					1D6058900D05DD3D006BFB54 = {
						DevelopmentTeam = KT63KE4BPJ;
						ProvisioningStyle = Manual;
					};
				};
			};
			buildConfigurationList = C01FCF4E08A954540054247B /* Build configuration list for PBXProject "HiroshimARchive" */;
			compatibilityVersion = "Xcode 3.2";
			developmentRegion = English;
			hasScannedForEncodings = 1;
			knownRegions = (
				English,
				Japanese,
				French,
				German,
				en,
				Base,
				ja,
			);
			mainGroup = 29B97314FDCFA39411CA2CEA /* CustomTemplate */;
			projectDirPath = "";
			projectRoot = "";
			targets = (
				1D6058900D05DD3D006BFB54 /* hiroshimARchive */,
			);
		};
/* End PBXProject section */

/* Begin PBXResourcesBuildPhase section */
		1D60588D0D05DD3D006BFB54 /* Resources */ = {
			isa = PBXResourcesBuildPhase;
			buildActionMask = 2147483647;
			files = (
				9EE45FEC1A75620600655A95 /* MainWindow-iPad.xib in Resources */,
				9E2CC53B1A70EB630068E53B /* Launch_Screen.xib in Resources */,
				533ECC0C11F63EA00067A265 /* MainWindow.xib in Resources */,
				9EE45FF11A75621900655A95 /* DetailViewController-iPad.xib in Resources */,
				E7B4D80D1F2A646D00FCCDDD /* shinsengumi.kml in Resources */,
				CE9D55C7141586310096593A /* information.html in Resources */,
				9E410C331A49471300E5F9EF /* Images.xcassets in Resources */,
				9EE45FEF1A75621000655A95 /* KMLViewerViewController-iPad.xib in Resources */,
				A0CA49C0141D3DE4009AF2B8 /* DetailViewController.xib in Resources */,
				9EB84ABA1A70C65E00BF0D14 /* KMLViewerViewController.xib in Resources */,
				35B54E73143B427F00112FDD /* detail.html in Resources */,
			);
			runOnlyForDeploymentPostprocessing = 0;
		};
/* End PBXResourcesBuildPhase section */

/* Begin PBXSourcesBuildPhase section */
		1D60588E0D05DD3D006BFB54 /* Sources */ = {
			isa = PBXSourcesBuildPhase;
			buildActionMask = 2147483647;
			files = (
				1D60589B0D05DD56006BFB54 /* main.m in Sources */,
				033ED8161A91B12C00E6EBB9 /* UIView+WebCacheOperation.m in Sources */,
				1D3623260D0F684500981E51 /* KMLViewerAppDelegate.m in Sources */,
				033ED8151A91B12C00E6EBB9 /* UIImageView+WebCache.m in Sources */,
				28D7ACF80DDB3853001CB0EB /* KMLViewerViewController.m in Sources */,
				1A4B770A11907E0300940A50 /* KMLParser.m in Sources */,
				033ED8081A91B12C00E6EBB9 /* NSData+ImageContentType.m in Sources */,
				DB79BFCF13C44DC1001101E8 /* KmlAnnotation.m in Sources */,
				A0CA49AC141D3C58009AF2B8 /* Annotation.m in Sources */,
				033ED8101A91B12C00E6EBB9 /* UIButton+WebCache.m in Sources */,
				033ED80F1A91B12C00E6EBB9 /* SDWebImagePrefetcher.m in Sources */,
				A0CA49AD141D3C58009AF2B8 /* Article.m in Sources */,
				9EEABE461A31A098005874A1 /* KMLAnnotaionView.m in Sources */,
				A0CA49B0141D3C58009AF2B8 /* CustomImagePicker.m in Sources */,
				033ED8141A91B12C00E6EBB9 /* UIImageView+HighlightedWebCache.m in Sources */,
				A0CA49B2141D3C58009AF2B8 /* InfoTagView.m in Sources */,
				357DDFC0142ED0D80067DDCF /* TwitterPostViewController.m in Sources */,
				033ED80E1A91B12C00E6EBB9 /* SDWebImageManager.m in Sources */,
				357DDFC3142ED0D80067DDCF /* TwitterAccountViewController.m in Sources */,
				033ED8111A91B12C00E6EBB9 /* UIImage+GIF.m in Sources */,
				033ED8121A91B12C00E6EBB9 /* UIImage+MultiFormat.m in Sources */,
				033ED80D1A91B12C00E6EBB9 /* SDWebImageDownloaderOperation.m in Sources */,
				033ED80B1A91B12C00E6EBB9 /* SDWebImageDecoder.m in Sources */,
				033ED8131A91B12C00E6EBB9 /* UIImage+WebP.m in Sources */,
				033ED80A1A91B12C00E6EBB9 /* SDWebImageCompat.m in Sources */,
				357DE047142EDEBF0067DDCF /* TTDebug.m in Sources */,
				35B54E71143B420300112FDD /* WebViewController.m in Sources */,
				033ED80C1A91B12C00E6EBB9 /* SDWebImageDownloader.m in Sources */,
				033ED8071A91B12C00E6EBB9 /* MKAnnotationView+WebCache.m in Sources */,
				35B54E76143B429B00112FDD /* KMLPlacemarkAnnotation.m in Sources */,
				9E3BDDD41A70D71F00BF9C0F /* AppData.m in Sources */,
				033ED8091A91B12C00E6EBB9 /* SDImageCache.m in Sources */,
			);
			runOnlyForDeploymentPostprocessing = 0;
		};
/* End PBXSourcesBuildPhase section */

/* Begin PBXVariantGroup section */
		533ECC0911F63EA00067A265 /* MainWindow.xib */ = {
			isa = PBXVariantGroup;
			children = (
				533ECC0A11F63EA00067A265 /* en */,
				030168471A7B74D3004CDE69 /* Base */,
			);
			name = MainWindow.xib;
			sourceTree = "<group>";
		};
		9EE45FEA1A75620600655A95 /* MainWindow-iPad.xib */ = {
			isa = PBXVariantGroup;
			children = (
				9EE45FEB1A75620600655A95 /* en */,
				030168481A7B74E2004CDE69 /* Base */,
			);
			name = "MainWindow-iPad.xib";
			sourceTree = "<group>";
		};
		9EE45FED1A75621000655A95 /* KMLViewerViewController-iPad.xib */ = {
			isa = PBXVariantGroup;
			children = (
				9EE45FEE1A75621000655A95 /* Base */,
			);
			name = "KMLViewerViewController-iPad.xib";
			sourceTree = "<group>";
		};
/* End PBXVariantGroup section */

/* Begin XCBuildConfiguration section */
		1D6058940D05DD3E006BFB54 /* Debug */ = {
			isa = XCBuildConfiguration;
			buildSettings = {
				ALWAYS_SEARCH_USER_PATHS = YES;
				ASSETCATALOG_COMPILER_APPICON_NAME = AppIcon;
				ASSETCATALOG_COMPILER_LAUNCHIMAGE_NAME = LaunchImage;
				CLANG_ENABLE_OBJC_ARC = YES;
				CODE_SIGN_IDENTITY = "iPhone Developer";
				"CODE_SIGN_IDENTITY[sdk=*]" = "iPhone Developer";
				COPY_PHASE_STRIP = NO;
				DEVELOPMENT_TEAM = KT63KE4BPJ;
				FRAMEWORK_SEARCH_PATHS = "\"$(SRCROOT)";
				GCC_DYNAMIC_NO_PIC = NO;
				GCC_OPTIMIZATION_LEVEL = 0;
				GCC_PRECOMPILE_PREFIX_HEADER = YES;
				GCC_PREFIX_HEADER = hiroshimaKML_Prefix.pch;
				GCC_VERSION = com.apple.compilers.llvm.clang.1_0;
				INFOPLIST_FILE = "hiroshimaKML-Info.plist";
				IPHONEOS_DEPLOYMENT_TARGET = 8.0;
				LIBRARY_SEARCH_PATHS = (
					"$(inherited)",
					"\"$(SRCROOT)/Vendors/xAuthTwitterEngine/OAuthConsumer\"",
				);
				ONLY_ACTIVE_ARCH = YES;
				OTHER_LDFLAGS = (
					"-all_load",
					"-ObjC",
				);
				PRODUCT_BUNDLE_IDENTIFIER = jp.mapping.hiroshima20111015;
				PRODUCT_NAME = hiroshimAR;
				PROVISIONING_PROFILE = "68cdb9c6-4659-431d-97c5-9c73ef184f57";
				"PROVISIONING_PROFILE[sdk=iphoneos*]" = "";
				PROVISIONING_PROFILE_SPECIFIER = HiroshimaDevelopment;
				TARGETED_DEVICE_FAMILY = "1,2";
				USER_HEADER_SEARCH_PATHS = "";
				VALID_ARCHS = "armv7 arm64 armv7s";
			};
			name = Debug;
		};
		1D6058950D05DD3E006BFB54 /* Release */ = {
			isa = XCBuildConfiguration;
			buildSettings = {
				ALWAYS_SEARCH_USER_PATHS = YES;
				ASSETCATALOG_COMPILER_APPICON_NAME = AppIcon;
				ASSETCATALOG_COMPILER_LAUNCHIMAGE_NAME = LaunchImage;
				CLANG_ENABLE_OBJC_ARC = YES;
				CODE_SIGN_IDENTITY = "iPhone Developer";
				"CODE_SIGN_IDENTITY[sdk=iphoneos*]" = "iPhone Distribution";
				COPY_PHASE_STRIP = YES;
				DEVELOPMENT_TEAM = KT63KE4BPJ;
				FRAMEWORK_SEARCH_PATHS = "\"$(SRCROOT)";
				GCC_PRECOMPILE_PREFIX_HEADER = YES;
				GCC_PREFIX_HEADER = hiroshimaKML_Prefix.pch;
				GCC_VERSION = com.apple.compilers.llvm.clang.1_0;
				INFOPLIST_FILE = "hiroshimaKML-Info.plist";
				IPHONEOS_DEPLOYMENT_TARGET = 8.0;
				LIBRARY_SEARCH_PATHS = (
					"$(inherited)",
					"\"$(SRCROOT)/Vendors/xAuthTwitterEngine/OAuthConsumer\"",
				);
				OTHER_LDFLAGS = (
					"-all_load",
					"-ObjC",
				);
				PRODUCT_BUNDLE_IDENTIFIER = jp.mapping.hiroshima20111015;
				PRODUCT_NAME = hiroshimAR;
				PROVISIONING_PROFILE = "51d28ff0-e1a2-4165-8c69-4d20021d0d05";
				"PROVISIONING_PROFILE[sdk=iphoneos*]" = "";
				PROVISIONING_PROFILE_SPECIFIER = HiroshimaDistribution;
				TARGETED_DEVICE_FAMILY = "1,2";
				USER_HEADER_SEARCH_PATHS = "";
				VALIDATE_PRODUCT = YES;
				VALID_ARCHS = "armv7 arm64 armv7s";
			};
			name = Release;
		};
		C01FCF4F08A954540054247B /* Debug */ = {
			isa = XCBuildConfiguration;
			buildSettings = {
				CLANG_ANALYZER_LOCALIZABILITY_NONLOCALIZED = YES;
				CLANG_ENABLE_OBJC_ARC = YES;
				CLANG_WARN_BOOL_CONVERSION = YES;
				CLANG_WARN_CONSTANT_CONVERSION = YES;
				CLANG_WARN_EMPTY_BODY = YES;
				CLANG_WARN_ENUM_CONVERSION = YES;
				CLANG_WARN_INFINITE_RECURSION = YES;
				CLANG_WARN_INT_CONVERSION = YES;
				CLANG_WARN_SUSPICIOUS_MOVE = YES;
				CLANG_WARN_UNREACHABLE_CODE = YES;
				CLANG_WARN__DUPLICATE_METHOD_MATCH = YES;
				CODE_SIGN_IDENTITY = "iPhone Developer";
				ENABLE_STRICT_OBJC_MSGSEND = YES;
				ENABLE_TESTABILITY = YES;
				GCC_C_LANGUAGE_STANDARD = c99;
				GCC_NO_COMMON_BLOCKS = YES;
				GCC_WARN_64_TO_32_BIT_CONVERSION = YES;
				GCC_WARN_ABOUT_RETURN_TYPE = YES;
				GCC_WARN_UNDECLARED_SELECTOR = YES;
				GCC_WARN_UNINITIALIZED_AUTOS = YES;
				GCC_WARN_UNUSED_FUNCTION = YES;
				GCC_WARN_UNUSED_VARIABLE = YES;
				HEADER_SEARCH_PATHS = "$(SDKROOT)/usr/include/libxml2";
				IPHONEOS_DEPLOYMENT_TARGET = 8.0;
				ONLY_ACTIVE_ARCH = YES;
				PROVISIONING_PROFILE = "";
				SDKROOT = iphoneos;
			};
			name = Debug;
		};
		C01FCF5008A954540054247B /* Release */ = {
			isa = XCBuildConfiguration;
			buildSettings = {
				CLANG_ANALYZER_LOCALIZABILITY_NONLOCALIZED = YES;
				CLANG_ENABLE_OBJC_ARC = YES;
				CLANG_WARN_BOOL_CONVERSION = YES;
				CLANG_WARN_CONSTANT_CONVERSION = YES;
				CLANG_WARN_EMPTY_BODY = YES;
				CLANG_WARN_ENUM_CONVERSION = YES;
				CLANG_WARN_INFINITE_RECURSION = YES;
				CLANG_WARN_INT_CONVERSION = YES;
				CLANG_WARN_SUSPICIOUS_MOVE = YES;
				CLANG_WARN_UNREACHABLE_CODE = YES;
				CLANG_WARN__DUPLICATE_METHOD_MATCH = YES;
				CODE_SIGN_IDENTITY = "iPhone Developer";
				"CODE_SIGN_IDENTITY[sdk=iphoneos*]" = "iPhone Developer";
				ENABLE_STRICT_OBJC_MSGSEND = YES;
				GCC_C_LANGUAGE_STANDARD = c99;
				GCC_NO_COMMON_BLOCKS = YES;
				GCC_WARN_64_TO_32_BIT_CONVERSION = YES;
				GCC_WARN_ABOUT_RETURN_TYPE = YES;
				GCC_WARN_UNDECLARED_SELECTOR = YES;
				GCC_WARN_UNINITIALIZED_AUTOS = YES;
				GCC_WARN_UNUSED_FUNCTION = YES;
				GCC_WARN_UNUSED_VARIABLE = YES;
				HEADER_SEARCH_PATHS = "$(SDKROOT)/usr/include/libxml2";
				IPHONEOS_DEPLOYMENT_TARGET = 8.0;
				OTHER_CFLAGS = "-DNS_BLOCK_ASSERTIONS=1";
				PROVISIONING_PROFILE = "";
				"PROVISIONING_PROFILE[sdk=iphoneos*]" = "";
				SDKROOT = iphoneos;
			};
			name = Release;
		};
/* End XCBuildConfiguration section */

/* Begin XCConfigurationList section */
		1D6058960D05DD3E006BFB54 /* Build configuration list for PBXNativeTarget "hiroshimARchive" */ = {
			isa = XCConfigurationList;
			buildConfigurations = (
				1D6058940D05DD3E006BFB54 /* Debug */,
				1D6058950D05DD3E006BFB54 /* Release */,
			);
			defaultConfigurationIsVisible = 0;
			defaultConfigurationName = Release;
		};
		C01FCF4E08A954540054247B /* Build configuration list for PBXProject "HiroshimARchive" */ = {
			isa = XCConfigurationList;
			buildConfigurations = (
				C01FCF4F08A954540054247B /* Debug */,
				C01FCF5008A954540054247B /* Release */,
			);
			defaultConfigurationIsVisible = 0;
			defaultConfigurationName = Release;
		};
/* End XCConfigurationList section */
	};
	rootObject = 29B97313FDCFA39411CA2CEA /* Project object */;
}
